
Microsoft Visual Studio Solution File, Format Version 12.00
# Visual Studio Version 17
VisualStudioVersion = 17.0.31903.59
MinimumVisualStudioVersion = 10.0.40219.1
Project("{FAE04EC0-301F-11D3-BF4B-00C04F79EFBC}") = "FunWithArrays", "FunWithArrays\FunWithArrays.csproj", "{ED98B474-BA48-49BF-BF15-A824C0659E4E}"
EndProject
Project("{FAE04EC0-301F-11D3-BF4B-00C04F79EFBC}") = "FunWithLocalFunctions", "FunWithLocalFunctions\FunWithLocalFunctions.csproj", "{3654ED9A-933A-4A5E-A581-FB7016D3B875}"
EndProject
Project("{FAE04EC0-301F-11D3-BF4B-00C04F79EFBC}") = "FunWithMethods", "FunWithMethods\FunWithMethods.csproj", "{2A3F6D7E-529D-4B98-82FD-D5E9E73459A7}"
EndProject
Project("{FAE04EC0-301F-11D3-BF4B-00C04F79EFBC}") = "FunWithMethodOverloading", "FunWithMethodOverloading\FunWithMethodOverloading.csproj", "{5A204583-81A6-4AC9-A37F-639620778D1A}"
EndProject
Project("{FAE04EC0-301F-11D3-BF4B-00C04F79EFBC}") = "FunWithEnums", "FunWithEnums\FunWithEnums.csproj", "{12185150-B3C2-49AA-A600-70D85167AE38}"
EndProject
Project("{FAE04EC0-301F-11D3-BF4B-00C04F79EFBC}") = "BitwiseOperations", "BitwiseOperations\BitwiseOperations.csproj", "{DA6C6D56-60BD-42D6-B04C-B7CE07E4E739}"
EndProject
Project("{FAE04EC0-301F-11D3-BF4B-00C04F79EFBC}") = "Structures", "Structures\Structures.csproj", "{89821259-558D-4F27-8D62-CAB10601C4E1}"
EndProject
Project("{FAE04EC0-301F-11D3-BF4B-00C04F79EFBC}") = "NullableValueTypes", "NullableValueTypes\NullableValueTypes.csproj", "{46A9DBF4-EC39-4140-B083-E9B47352E146}"
EndProject
Project("{FAE04EC0-301F-11D3-BF4B-00C04F79EFBC}") = "NullableReferenceTypes", "NullableReferenceTypes\NullableReferenceTypes.csproj", "{86DCF635-8433-4B1E-A29E-F0CA7E616CCB}"
EndProject
Project("{FAE04EC0-301F-11D3-BF4B-00C04F79EFBC}") = "Tuples", "Tuples\Tuples.csproj", "{A93CAC75-627B-4D5C-95EA-BD0C0D533072}"
EndProject
Global
	GlobalSection(SolutionConfigurationPlatforms) = preSolution
		Debug|Any CPU = Debug|Any CPU
		Release|Any CPU = Release|Any CPU
	EndGlobalSection
	GlobalSection(SolutionProperties) = preSolution
		HideSolutionNode = FALSE
	EndGlobalSection
	GlobalSection(ProjectConfigurationPlatforms) = postSolution
		{ED98B474-BA48-49BF-BF15-A824C0659E4E}.Debug|Any CPU.ActiveCfg = Debug|Any CPU
		{ED98B474-BA48-49BF-BF15-A824C0659E4E}.Debug|Any CPU.Build.0 = Debug|Any CPU
		{ED98B474-BA48-49BF-BF15-A824C0659E4E}.Release|Any CPU.ActiveCfg = Release|Any CPU
		{ED98B474-BA48-49BF-BF15-A824C0659E4E}.Release|Any CPU.Build.0 = Release|Any CPU
		{3654ED9A-933A-4A5E-A581-FB7016D3B875}.Debug|Any CPU.ActiveCfg = Debug|Any CPU
		{3654ED9A-933A-4A5E-A581-FB7016D3B875}.Debug|Any CPU.Build.0 = Debug|Any CPU
		{3654ED9A-933A-4A5E-A581-FB7016D3B875}.Release|Any CPU.ActiveCfg = Release|Any CPU
		{3654ED9A-933A-4A5E-A581-FB7016D3B875}.Release|Any CPU.Build.0 = Release|Any CPU
		{2A3F6D7E-529D-4B98-82FD-D5E9E73459A7}.Debug|Any CPU.ActiveCfg = Debug|Any CPU
		{2A3F6D7E-529D-4B98-82FD-D5E9E73459A7}.Debug|Any CPU.Build.0 = Debug|Any CPU
		{2A3F6D7E-529D-4B98-82FD-D5E9E73459A7}.Release|Any CPU.ActiveCfg = Release|Any CPU
		{2A3F6D7E-529D-4B98-82FD-D5E9E73459A7}.Release|Any CPU.Build.0 = Release|Any CPU
		{5A204583-81A6-4AC9-A37F-639620778D1A}.Debug|Any CPU.ActiveCfg = Debug|Any CPU
		{5A204583-81A6-4AC9-A37F-639620778D1A}.Debug|Any CPU.Build.0 = Debug|Any CPU
		{5A204583-81A6-4AC9-A37F-639620778D1A}.Release|Any CPU.ActiveCfg = Release|Any CPU
		{5A204583-81A6-4AC9-A37F-639620778D1A}.Release|Any CPU.Build.0 = Release|Any CPU
		{12185150-B3C2-49AA-A600-70D85167AE38}.Debug|Any CPU.ActiveCfg = Debug|Any CPU
		{12185150-B3C2-49AA-A600-70D85167AE38}.Debug|Any CPU.Build.0 = Debug|Any CPU
		{12185150-B3C2-49AA-A600-70D85167AE38}.Release|Any CPU.ActiveCfg = Release|Any CPU
		{12185150-B3C2-49AA-A600-70D85167AE38}.Release|Any CPU.Build.0 = Release|Any CPU
		{DA6C6D56-60BD-42D6-B04C-B7CE07E4E739}.Debug|Any CPU.ActiveCfg = Debug|Any CPU
		{DA6C6D56-60BD-42D6-B04C-B7CE07E4E739}.Debug|Any CPU.Build.0 = Debug|Any CPU
		{DA6C6D56-60BD-42D6-B04C-B7CE07E4E739}.Release|Any CPU.ActiveCfg = Release|Any CPU
		{DA6C6D56-60BD-42D6-B04C-B7CE07E4E739}.Release|Any CPU.Build.0 = Release|Any CPU
		{89821259-558D-4F27-8D62-CAB10601C4E1}.Debug|Any CPU.ActiveCfg = Debug|Any CPU
		{89821259-558D-4F27-8D62-CAB10601C4E1}.Debug|Any CPU.Build.0 = Debug|Any CPU
		{89821259-558D-4F27-8D62-CAB10601C4E1}.Release|Any CPU.ActiveCfg = Release|Any CPU
		{89821259-558D-4F27-8D62-CAB10601C4E1}.Release|Any CPU.Build.0 = Release|Any CPU
		{46A9DBF4-EC39-4140-B083-E9B47352E146}.Debug|Any CPU.ActiveCfg = Debug|Any CPU
		{46A9DBF4-EC39-4140-B083-E9B47352E146}.Debug|Any CPU.Build.0 = Debug|Any CPU
		{46A9DBF4-EC39-4140-B083-E9B47352E146}.Release|Any CPU.ActiveCfg = Release|Any CPU
		{46A9DBF4-EC39-4140-B083-E9B47352E146}.Release|Any CPU.Build.0 = Release|Any CPU
		{86DCF635-8433-4B1E-A29E-F0CA7E616CCB}.Debug|Any CPU.ActiveCfg = Debug|Any CPU
		{86DCF635-8433-4B1E-A29E-F0CA7E616CCB}.Debug|Any CPU.Build.0 = Debug|Any CPU
		{86DCF635-8433-4B1E-A29E-F0CA7E616CCB}.Release|Any CPU.ActiveCfg = Release|Any CPU
		{86DCF635-8433-4B1E-A29E-F0CA7E616CCB}.Release|Any CPU.Build.0 = Release|Any CPU
		{A93CAC75-627B-4D5C-95EA-BD0C0D533072}.Debug|Any CPU.ActiveCfg = Debug|Any CPU
		{A93CAC75-627B-4D5C-95EA-BD0C0D533072}.Debug|Any CPU.Build.0 = Debug|Any CPU
		{A93CAC75-627B-4D5C-95EA-BD0C0D533072}.Release|Any CPU.ActiveCfg = Release|Any CPU
		{A93CAC75-627B-4D5C-95EA-BD0C0D533072}.Release|Any CPU.Build.0 = Release|Any CPU
	EndGlobalSection
EndGlobal
