
Microsoft Visual Studio Solution File, Format Version 12.00
# Visual Studio Version 17
VisualStudioVersion = 17.0.31903.59
MinimumVisualStudioVersion = 10.0.40219.1
Project("{FAE04EC0-301F-11D3-BF4B-00C04F79EFBC}") = "FunWithArrays", "FunWithArrays\FunWithArrays.csproj", "{ED98B474-BA48-49BF-BF15-A824C0659E4E}"
EndProject
Project("{FAE04EC0-301F-11D3-BF4B-00C04F79EFBC}") = "FunWithLocalFunctions", "FunWithLocalFunctions\FunWithLocalFunctions.csproj", "{3654ED9A-933A-4A5E-A581-FB7016D3B875}"
EndProject
Project("{FAE04EC0-301F-11D3-BF4B-00C04F79EFBC}") = "FunWithMethods", "FunWithMethods\FunWithMethods.csproj", "{2A3F6D7E-529D-4B98-82FD-D5E9E73459A7}"
EndProject
Global
	GlobalSection(SolutionConfigurationPlatforms) = preSolution
		Debug|Any CPU = Debug|Any CPU
		Release|Any CPU = Release|Any CPU
	EndGlobalSection
	GlobalSection(SolutionProperties) = preSolution
		HideSolutionNode = FALSE
	EndGlobalSection
	GlobalSection(ProjectConfigurationPlatforms) = postSolution
		{ED98B474-BA48-49BF-BF15-A824C0659E4E}.Debug|Any CPU.ActiveCfg = Debug|Any CPU
		{ED98B474-BA48-49BF-BF15-A824C0659E4E}.Debug|Any CPU.Build.0 = Debug|Any CPU
		{ED98B474-BA48-49BF-BF15-A824C0659E4E}.Release|Any CPU.ActiveCfg = Release|Any CPU
		{ED98B474-BA48-49BF-BF15-A824C0659E4E}.Release|Any CPU.Build.0 = Release|Any CPU
		{3654ED9A-933A-4A5E-A581-FB7016D3B875}.Debug|Any CPU.ActiveCfg = Debug|Any CPU
		{3654ED9A-933A-4A5E-A581-FB7016D3B875}.Debug|Any CPU.Build.0 = Debug|Any CPU
		{3654ED9A-933A-4A5E-A581-FB7016D3B875}.Release|Any CPU.ActiveCfg = Release|Any CPU
		{3654ED9A-933A-4A5E-A581-FB7016D3B875}.Release|Any CPU.Build.0 = Release|Any CPU
		{2A3F6D7E-529D-4B98-82FD-D5E9E73459A7}.Debug|Any CPU.ActiveCfg = Debug|Any CPU
		{2A3F6D7E-529D-4B98-82FD-D5E9E73459A7}.Debug|Any CPU.Build.0 = Debug|Any CPU
		{2A3F6D7E-529D-4B98-82FD-D5E9E73459A7}.Release|Any CPU.ActiveCfg = Release|Any CPU
		{2A3F6D7E-529D-4B98-82FD-D5E9E73459A7}.Release|Any CPU.Build.0 = Release|Any CPU
	EndGlobalSection
EndGlobal
