
Microsoft Visual Studio Solution File, Format Version 12.00
# Visual Studio Version 17
VisualStudioVersion = 17.10.35122.118
MinimumVisualStudioVersion = 10.0.40219.1
Project("{9A19103F-16F7-4668-BE54-9A1E7A4F7556}") = "SimpleCSharpApp", "SimpleCSharpApp\SimpleCSharpApp.csproj", "{64EAD76E-27CC-4044-880F-900F30FD1D54}"
EndProject
Project("{FAE04EC0-301F-11D3-BF4B-00C04F79EFBC}") = "BasicConsoleIO", "BasicConsoleIO\BasicConsoleIO.csproj", "{AFA05C45-C420-44C7-BAC9-9DB7BA1A30EC}"
EndProject
Project("{FAE04EC0-301F-11D3-BF4B-00C04F79EFBC}") = "BasicDataTypes", "BasicDataTypes\BasicDataTypes.csproj", "{FDAB4D92-CB56-471B-9641-5CBE9BEB62C1}"
EndProject
Project("{FAE04EC0-301F-11D3-BF4B-00C04F79EFBC}") = "BasicStringManipulation", "BasicStringManipulation\BasicStringManipulation.csproj", "{D62029C3-52F7-4C73-BB30-629AD5C4120F}"
EndProject
Project("{FAE04EC0-301F-11D3-BF4B-00C04F79EFBC}") = "TypeConversions", "TypeConversions\TypeConversions.csproj", "{272929EC-6BB7-4A7C-9AD5-B71A5B0A125F}"
EndProject
Project("{FAE04EC0-301F-11D3-BF4B-00C04F79EFBC}") = "ImplicitlyTypedLocalVars", "ImplicityTypedLocalVars\ImplicitlyTypedLocalVars.csproj", "{ECD58E3B-6699-4684-A418-DB777CD33DBC}"
EndProject
Project("{FAE04EC0-301F-11D3-BF4B-00C04F79EFBC}") = "IterationsAndDecisons", "IterationsAndDecisions\IterationsAndDecisons.csproj", "{9AC95956-ED34-4FE3-AD88-FD094D85228F}"
EndProject
Global
	GlobalSection(SolutionConfigurationPlatforms) = preSolution
		Debug|Any CPU = Debug|Any CPU
		Release|Any CPU = Release|Any CPU
	EndGlobalSection
	GlobalSection(ProjectConfigurationPlatforms) = postSolution
		{64EAD76E-27CC-4044-880F-900F30FD1D54}.Debug|Any CPU.ActiveCfg = Debug|Any CPU
		{64EAD76E-27CC-4044-880F-900F30FD1D54}.Debug|Any CPU.Build.0 = Debug|Any CPU
		{64EAD76E-27CC-4044-880F-900F30FD1D54}.Release|Any CPU.ActiveCfg = Release|Any CPU
		{64EAD76E-27CC-4044-880F-900F30FD1D54}.Release|Any CPU.Build.0 = Release|Any CPU
		{AFA05C45-C420-44C7-BAC9-9DB7BA1A30EC}.Debug|Any CPU.ActiveCfg = Debug|Any CPU
		{AFA05C45-C420-44C7-BAC9-9DB7BA1A30EC}.Debug|Any CPU.Build.0 = Debug|Any CPU
		{AFA05C45-C420-44C7-BAC9-9DB7BA1A30EC}.Release|Any CPU.ActiveCfg = Release|Any CPU
		{AFA05C45-C420-44C7-BAC9-9DB7BA1A30EC}.Release|Any CPU.Build.0 = Release|Any CPU
		{FDAB4D92-CB56-471B-9641-5CBE9BEB62C1}.Debug|Any CPU.ActiveCfg = Debug|Any CPU
		{FDAB4D92-CB56-471B-9641-5CBE9BEB62C1}.Debug|Any CPU.Build.0 = Debug|Any CPU
		{FDAB4D92-CB56-471B-9641-5CBE9BEB62C1}.Release|Any CPU.ActiveCfg = Release|Any CPU
		{FDAB4D92-CB56-471B-9641-5CBE9BEB62C1}.Release|Any CPU.Build.0 = Release|Any CPU
		{D62029C3-52F7-4C73-BB30-629AD5C4120F}.Debug|Any CPU.ActiveCfg = Debug|Any CPU
		{D62029C3-52F7-4C73-BB30-629AD5C4120F}.Debug|Any CPU.Build.0 = Debug|Any CPU
		{D62029C3-52F7-4C73-BB30-629AD5C4120F}.Release|Any CPU.ActiveCfg = Release|Any CPU
		{D62029C3-52F7-4C73-BB30-629AD5C4120F}.Release|Any CPU.Build.0 = Release|Any CPU
		{272929EC-6BB7-4A7C-9AD5-B71A5B0A125F}.Debug|Any CPU.ActiveCfg = Debug|Any CPU
		{272929EC-6BB7-4A7C-9AD5-B71A5B0A125F}.Debug|Any CPU.Build.0 = Debug|Any CPU
		{272929EC-6BB7-4A7C-9AD5-B71A5B0A125F}.Release|Any CPU.ActiveCfg = Release|Any CPU
		{272929EC-6BB7-4A7C-9AD5-B71A5B0A125F}.Release|Any CPU.Build.0 = Release|Any CPU
		{ECD58E3B-6699-4684-A418-DB777CD33DBC}.Debug|Any CPU.ActiveCfg = Debug|Any CPU
		{ECD58E3B-6699-4684-A418-DB777CD33DBC}.Debug|Any CPU.Build.0 = Debug|Any CPU
		{ECD58E3B-6699-4684-A418-DB777CD33DBC}.Release|Any CPU.ActiveCfg = Release|Any CPU
		{ECD58E3B-6699-4684-A418-DB777CD33DBC}.Release|Any CPU.Build.0 = Release|Any CPU
		{9AC95956-ED34-4FE3-AD88-FD094D85228F}.Debug|Any CPU.ActiveCfg = Debug|Any CPU
		{9AC95956-ED34-4FE3-AD88-FD094D85228F}.Debug|Any CPU.Build.0 = Debug|Any CPU
		{9AC95956-ED34-4FE3-AD88-FD094D85228F}.Release|Any CPU.ActiveCfg = Release|Any CPU
		{9AC95956-ED34-4FE3-AD88-FD094D85228F}.Release|Any CPU.Build.0 = Release|Any CPU
	EndGlobalSection
	GlobalSection(SolutionProperties) = preSolution
		HideSolutionNode = FALSE
	EndGlobalSection
	GlobalSection(ExtensibilityGlobals) = postSolution
		SolutionGuid = {5A1CC57D-6565-4C1C-B51C-1F9B21E98870}
	EndGlobalSection
EndGlobal
